// !$*UTF8*$!
{
	archiveVersion = 1;
	classes = {
	};
	objectVersion = 50;
	objects = {

/* Begin PBXBuildFile section */
		174AFEBC2561FB4D00972470 /* AppDelegate.swift in Sources */ = {isa = PBXBuildFile; fileRef = 174AFEBB2561FB4D00972470 /* AppDelegate.swift */; };
		174AFEBE2561FB4D00972470 /* SceneDelegate.swift in Sources */ = {isa = PBXBuildFile; fileRef = 174AFEBD2561FB4D00972470 /* SceneDelegate.swift */; };
		174AFEC02561FB4D00972470 /* ViewController.swift in Sources */ = {isa = PBXBuildFile; fileRef = 174AFEBF2561FB4D00972470 /* ViewController.swift */; };
		174AFEC32561FB4D00972470 /* Main.storyboard in Resources */ = {isa = PBXBuildFile; fileRef = 174AFEC12561FB4D00972470 /* Main.storyboard */; };
		174AFEC52561FB5000972470 /* Assets.xcassets in Resources */ = {isa = PBXBuildFile; fileRef = 174AFEC42561FB5000972470 /* Assets.xcassets */; };
		174AFEC82561FB5000972470 /* LaunchScreen.storyboard in Resources */ = {isa = PBXBuildFile; fileRef = 174AFEC62561FB5000972470 /* LaunchScreen.storyboard */; };
/* End PBXBuildFile section */

/* Begin PBXFileReference section */
		174AFEB82561FB4D00972470 /* Swift6TableViewApp1.app */ = {isa = PBXFileReference; explicitFileType = wrapper.application; includeInIndex = 0; path = Swift6TableViewApp1.app; sourceTree = BUILT_PRODUCTS_DIR; };
		174AFEBB2561FB4D00972470 /* AppDelegate.swift */ = {isa = PBXFileReference; lastKnownFileType = sourcecode.swift; path = AppDelegate.swift; sourceTree = "<group>"; };
		174AFEBD2561FB4D00972470 /* SceneDelegate.swift */ = {isa = PBXFileReference; lastKnownFileType = sourcecode.swift; path = SceneDelegate.swift; sourceTree = "<group>"; };
		174AFEBF2561FB4D00972470 /* ViewController.swift */ = {isa = PBXFileReference; lastKnownFileType = sourcecode.swift; path = ViewController.swift; sourceTree = "<group>"; };
		174AFEC22561FB4D00972470 /* Base */ = {isa = PBXFileReference; lastKnownFileType = file.storyboard; name = Base; path = Base.lproj/Main.storyboard; sourceTree = "<group>"; };
		174AFEC42561FB5000972470 /* Assets.xcassets */ = {isa = PBXFileReference; lastKnownFileType = folder.assetcatalog; path = Assets.xcassets; sourceTree = "<group>"; };
		174AFEC72561FB5000972470 /* Base */ = {isa = PBXFileReference; lastKnownFileType = file.storyboard; name = Base; path = Base.lproj/LaunchScreen.storyboard; sourceTree = "<group>"; };
		174AFEC92561FB5000972470 /* Info.plist */ = {isa = PBXFileReference; lastKnownFileType = text.plist.xml; path = Info.plist; sourceTree = "<group>"; };
/* End PBXFileReference section */

/* Begin PBXFrameworksBuildPhase section */
		174AFEB52561FB4D00972470 /* Frameworks */ = {
			isa = PBXFrameworksBuildPhase;
			buildActionMask = 2147483647;
			files = (
			);
			runOnlyForDeploymentPostprocessing = 0;
		};
/* End PBXFrameworksBuildPhase section */

/* Begin PBXGroup section */
		174AFEAF2561FB4D00972470 = {
			isa = PBXGroup;
			children = (
				174AFEBA2561FB4D00972470 /* Swift6TableViewApp1 */,
				174AFEB92561FB4D00972470 /* Products */,
			);
			sourceTree = "<group>";
		};
		174AFEB92561FB4D00972470 /* Products */ = {
			isa = PBXGroup;
			children = (
				174AFEB82561FB4D00972470 /* Swift6TableViewApp1.app */,
			);
			name = Products;
			sourceTree = "<group>";
		};
		174AFEBA2561FB4D00972470 /* Swift6TableViewApp1 */ = {
			isa = PBXGroup;
			children = (
				174AFEBB2561FB4D00972470 /* AppDelegate.swift */,
				174AFEBD2561FB4D00972470 /* SceneDelegate.swift */,
				174AFEBF2561FB4D00972470 /* ViewController.swift */,
				174AFEC12561FB4D00972470 /* Main.storyboard */,
				174AFEC42561FB5000972470 /* Assets.xcassets */,
				174AFEC62561FB5000972470 /* LaunchScreen.storyboard */,
				174AFEC92561FB5000972470 /* Info.plist */,
			);
			path = Swift6TableViewApp1;
			sourceTree = "<group>";
		};
/* End PBXGroup section */

/* Begin PBXNativeTarget section */
		174AFEB72561FB4D00972470 /* Swift6TableViewApp1 */ = {
			isa = PBXNativeTarget;
			buildConfigurationList = 174AFECC2561FB5000972470 /* Build configuration list for PBXNativeTarget "Swift6TableViewApp1" */;
			buildPhases = (
				174AFEB42561FB4D00972470 /* Sources */,
				174AFEB52561FB4D00972470 /* Frameworks */,
				174AFEB62561FB4D00972470 /* Resources */,
			);
			buildRules = (
			);
			dependencies = (
			);
			name = Swift6TableViewApp1;
			productName = Swift6TableViewApp1;
			productReference = 174AFEB82561FB4D00972470 /* Swift6TableViewApp1.app */;
			productType = "com.apple.product-type.application";
		};
/* End PBXNativeTarget section */

/* Begin PBXProject section */
		174AFEB02561FB4D00972470 /* Project object */ = {
			isa = PBXProject;
			attributes = {
				LastSwiftUpdateCheck = 1200;
				LastUpgradeCheck = 1200;
				TargetAttributes = {
					174AFEB72561FB4D00972470 = {
						CreatedOnToolsVersion = 12.0.1;
					};
				};
			};
			buildConfigurationList = 174AFEB32561FB4D00972470 /* Build configuration list for PBXProject "Swift6TableViewApp1" */;
			compatibilityVersion = "Xcode 9.3";
			developmentRegion = en;
			hasScannedForEncodings = 0;
			knownRegions = (
				en,
				Base,
			);
			mainGroup = 174AFEAF2561FB4D00972470;
			productRefGroup = 174AFEB92561FB4D00972470 /* Products */;
			projectDirPath = "";
			projectRoot = "";
			targets = (
				174AFEB72561FB4D00972470 /* Swift6TableViewApp1 */,
			);
		};
/* End PBXProject section */

/* Begin PBXResourcesBuildPhase section */
		174AFEB62561FB4D00972470 /* Resources */ = {
			isa = PBXResourcesBuildPhase;
			buildActionMask = 2147483647;
			files = (
				174AFEC82561FB5000972470 /* LaunchScreen.storyboard in Resources */,
				174AFEC52561FB5000972470 /* Assets.xcassets in Resources */,
				174AFEC32561FB4D00972470 /* Main.storyboard in Resources */,
			);
			runOnlyForDeploymentPostprocessing = 0;
		};
/* End PBXResourcesBuildPhase section */

/* Begin PBXSourcesBuildPhase section */
		174AFEB42561FB4D00972470 /* Sources */ = {
			isa = PBXSourcesBuildPhase;
			buildActionMask = 2147483647;
			files = (
				174AFEC02561FB4D00972470 /* ViewController.swift in Sources */,
				174AFEBC2561FB4D00972470 /* AppDelegate.swift in Sources */,
				174AFEBE2561FB4D00972470 /* SceneDelegate.swift in Sources */,
			);
			runOnlyForDeploymentPostprocessing = 0;
		};
/* End PBXSourcesBuildPhase section */

/* Begin PBXVariantGroup section */
		174AFEC12561FB4D00972470 /* Main.storyboard */ = {
			isa = PBXVariantGroup;
			children = (
				174AFEC22561FB4D00972470 /* Base */,
			);
			name = Main.storyboard;
			sourceTree = "<group>";
		};
		174AFEC62561FB5000972470 /* LaunchScreen.storyboard */ = {
			isa = PBXVariantGroup;
			children = (
				174AFEC72561FB5000972470 /* Base */,
			);
			name = LaunchScreen.storyboard;
			sourceTree = "<group>";
		};
/* End PBXVariantGroup section */

/* Begin XCBuildConfiguration section */
		174AFECA2561FB5000972470 /* Debug */ = {
			isa = XCBuildConfiguration;
			buildSettings = {
				ALWAYS_SEARCH_USER_PATHS = NO;
				CLANG_ANALYZER_NONNULL = YES;
				CLANG_ANALYZER_NUMBER_OBJECT_CONVERSION = YES_AGGRESSIVE;
				CLANG_CXX_LANGUAGE_STANDARD = "gnu++14";
				CLANG_CXX_LIBRARY = "libc++";
				CLANG_ENABLE_MODULES = YES;
				CLANG_ENABLE_OBJC_ARC = YES;
				CLANG_ENABLE_OBJC_WEAK = YES;
				CLANG_WARN_BLOCK_CAPTURE_AUTORELEASING = YES;
				CLANG_WARN_BOOL_CONVERSION = YES;
				CLANG_WARN_COMMA = YES;
				CLANG_WARN_CONSTANT_CONVERSION = YES;
				CLANG_WARN_DEPRECATED_OBJC_IMPLEMENTATIONS = YES;
				CLANG_WARN_DIRECT_OBJC_ISA_USAGE = YES_ERROR;
				CLANG_WARN_DOCUMENTATION_COMMENTS = YES;
				CLANG_WARN_EMPTY_BODY = YES;
				CLANG_WARN_ENUM_CONVERSION = YES;
				CLANG_WARN_INFINITE_RECURSION = YES;
				CLANG_WARN_INT_CONVERSION = YES;
				CLANG_WARN_NON_LITERAL_NULL_CONVERSION = YES;
				CLANG_WARN_OBJC_IMPLICIT_RETAIN_SELF = YES;
				CLANG_WARN_OBJC_LITERAL_CONVERSION = YES;
				CLANG_WARN_OBJC_ROOT_CLASS = YES_ERROR;
				CLANG_WARN_QUOTED_INCLUDE_IN_FRAMEWORK_HEADER = YES;
				CLANG_WARN_RANGE_LOOP_ANALYSIS = YES;
				CLANG_WARN_STRICT_PROTOTYPES = YES;
				CLANG_WARN_SUSPICIOUS_MOVE = YES;
				CLANG_WARN_UNGUARDED_AVAILABILITY = YES_AGGRESSIVE;
				CLANG_WARN_UNREACHABLE_CODE = YES;
				CLANG_WARN__DUPLICATE_METHOD_MATCH = YES;
				COPY_PHASE_STRIP = NO;
				DEBUG_INFORMATION_FORMAT = dwarf;
				ENABLE_STRICT_OBJC_MSGSEND = YES;
				ENABLE_TESTABILITY = YES;
				GCC_C_LANGUAGE_STANDARD = gnu11;
				GCC_DYNAMIC_NO_PIC = NO;
				GCC_NO_COMMON_BLOCKS = YES;
				GCC_OPTIMIZATION_LEVEL = 0;
				GCC_PREPROCESSOR_DEFINITIONS = (
					"DEBUG=1",
					"$(inherited)",
				);
				GCC_WARN_64_TO_32_BIT_CONVERSION = YES;
				GCC_WARN_ABOUT_RETURN_TYPE = YES_ERROR;
				GCC_WARN_UNDECLARED_SELECTOR = YES;
				GCC_WARN_UNINITIALIZED_AUTOS = YES_AGGRESSIVE;
				GCC_WARN_UNUSED_FUNCTION = YES;
				GCC_WARN_UNUSED_VARIABLE = YES;
				IPHONEOS_DEPLOYMENT_TARGET = 14.0;
				MTL_ENABLE_DEBUG_INFO = INCLUDE_SOURCE;
				MTL_FAST_MATH = YES;
				ONLY_ACTIVE_ARCH = YES;
				SDKROOT = iphoneos;
				SWIFT_ACTIVE_COMPILATION_CONDITIONS = DEBUG;
				SWIFT_OPTIMIZATION_LEVEL = "-Onone";
			};
			name = Debug;
		};
		174AFECB2561FB5000972470 /* Release */ = {
			isa = XCBuildConfiguration;
			buildSettings = {
				ALWAYS_SEARCH_USER_PATHS = NO;
				CLANG_ANALYZER_NONNULL = YES;
				CLANG_ANALYZER_NUMBER_OBJECT_CONVERSION = YES_AGGRESSIVE;
				CLANG_CXX_LANGUAGE_STANDARD = "gnu++14";
				CLANG_CXX_LIBRARY = "libc++";
				CLANG_ENABLE_MODULES = YES;
				CLANG_ENABLE_OBJC_ARC = YES;
				CLANG_ENABLE_OBJC_WEAK = YES;
				CLANG_WARN_BLOCK_CAPTURE_AUTORELEASING = YES;
				CLANG_WARN_BOOL_CONVERSION = YES;
				CLANG_WARN_COMMA = YES;
				CLANG_WARN_CONSTANT_CONVERSION = YES;
				CLANG_WARN_DEPRECATED_OBJC_IMPLEMENTATIONS = YES;
				CLANG_WARN_DIRECT_OBJC_ISA_USAGE = YES_ERROR;
				CLANG_WARN_DOCUMENTATION_COMMENTS = YES;
				CLANG_WARN_EMPTY_BODY = YES;
				CLANG_WARN_ENUM_CONVERSION = YES;
				CLANG_WARN_INFINITE_RECURSION = YES;
				CLANG_WARN_INT_CONVERSION = YES;
				CLANG_WARN_NON_LITERAL_NULL_CONVERSION = YES;
				CLANG_WARN_OBJC_IMPLICIT_RETAIN_SELF = YES;
				CLANG_WARN_OBJC_LITERAL_CONVERSION = YES;
				CLANG_WARN_OBJC_ROOT_CLASS = YES_ERROR;
				CLANG_WARN_QUOTED_INCLUDE_IN_FRAMEWORK_HEADER = YES;
				CLANG_WARN_RANGE_LOOP_ANALYSIS = YES;
				CLANG_WARN_STRICT_PROTOTYPES = YES;
				CLANG_WARN_SUSPICIOUS_MOVE = YES;
				CLANG_WARN_UNGUARDED_AVAILABILITY = YES_AGGRESSIVE;
				CLANG_WARN_UNREACHABLE_CODE = YES;
				CLANG_WARN__DUPLICATE_METHOD_MATCH = YES;
				COPY_PHASE_STRIP = NO;
				DEBUG_INFORMATION_FORMAT = "dwarf-with-dsym";
				ENABLE_NS_ASSERTIONS = NO;
				ENABLE_STRICT_OBJC_MSGSEND = YES;
				GCC_C_LANGUAGE_STANDARD = gnu11;
				GCC_NO_COMMON_BLOCKS = YES;
				GCC_WARN_64_TO_32_BIT_CONVERSION = YES;
				GCC_WARN_ABOUT_RETURN_TYPE = YES_ERROR;
				GCC_WARN_UNDECLARED_SELECTOR = YES;
				GCC_WARN_UNINITIALIZED_AUTOS = YES_AGGRESSIVE;
				GCC_WARN_UNUSED_FUNCTION = YES;
				GCC_WARN_UNUSED_VARIABLE = YES;
				IPHONEOS_DEPLOYMENT_TARGET = 14.0;
				MTL_ENABLE_DEBUG_INFO = NO;
				MTL_FAST_MATH = YES;
				SDKROOT = iphoneos;
				SWIFT_COMPILATION_MODE = wholemodule;
				SWIFT_OPTIMIZATION_LEVEL = "-O";
				VALIDATE_PRODUCT = YES;
			};
			name = Release;
		};
		174AFECD2561FB5000972470 /* Debug */ = {
			isa = XCBuildConfiguration;
			buildSettings = {
				ASSETCATALOG_COMPILER_APPICON_NAME = AppIcon;
				ASSETCATALOG_COMPILER_GLOBAL_ACCENT_COLOR_NAME = AccentColor;
				CODE_SIGN_STYLE = Automatic;
				DEVELOPMENT_TEAM = LTQL8L257Q;
				INFOPLIST_FILE = Swift6TableViewApp1/Info.plist;
				LD_RUNPATH_SEARCH_PATHS = (
					"$(inherited)",
					"@executable_path/Frameworks",
				);
				PRODUCT_BUNDLE_IDENTIFIER = "Satoshi-Ota.Swift6TableViewApp1";
				PRODUCT_NAME = "$(TARGET_NAME)";
				SWIFT_VERSION = 5.0;
				TARGETED_DEVICE_FAMILY = 1;
			};
			name = Debug;
		};
		174AFECE2561FB5000972470 /* Release */ = {
			isa = XCBuildConfiguration;
			buildSettings = {
				ASSETCATALOG_COMPILER_APPICON_NAME = AppIcon;
				ASSETCATALOG_COMPILER_GLOBAL_ACCENT_COLOR_NAME = AccentColor;
				CODE_SIGN_STYLE = Automatic;
				DEVELOPMENT_TEAM = LTQL8L257Q;
				INFOPLIST_FILE = Swift6TableViewApp1/Info.plist;
				LD_RUNPATH_SEARCH_PATHS = (
					"$(inherited)",
					"@executable_path/Frameworks",
				);
				PRODUCT_BUNDLE_IDENTIFIER = "Satoshi-Ota.Swift6TableViewApp1";
				PRODUCT_NAME = "$(TARGET_NAME)";
				SWIFT_VERSION = 5.0;
				TARGETED_DEVICE_FAMILY = 1;
			};
			name = Release;
		};
/* End XCBuildConfiguration section */

/* Begin XCConfigurationList section */
		174AFEB32561FB4D00972470 /* Build configuration list for PBXProject "Swift6TableViewApp1" */ = {
			isa = XCConfigurationList;
			buildConfigurations = (
				174AFECA2561FB5000972470 /* Debug */,
				174AFECB2561FB5000972470 /* Release */,
			);
			defaultConfigurationIsVisible = 0;
			defaultConfigurationName = Release;
		};
		174AFECC2561FB5000972470 /* Build configuration list for PBXNativeTarget "Swift6TableViewApp1" */ = {
			isa = XCConfigurationList;
			buildConfigurations = (
				174AFECD2561FB5000972470 /* Debug */,
				174AFECE2561FB5000972470 /* Release */,
			);
			defaultConfigurationIsVisible = 0;
			defaultConfigurationName = Release;
		};
/* End XCConfigurationList section */
	};
	rootObject = 174AFEB02561FB4D00972470 /* Project object */;
}
